<?xml version="1.0" encoding="utf-8"?>
<Project ToolsVersion="4.0" xmlns="http://schemas.microsoft.com/developer/msbuild/2003">
  <ItemGroup>
    <Filter Include="Source Files">
      <UniqueIdentifier>{4FC737F1-C7A5-4376-A066-2A32D752A2FF}</UniqueIdentifier>
      <Extensions>cpp;c;cc;cxx;c++;cppm;ixx;def;odl;idl;hpj;bat;asm;asmx</Extensions>
    </Filter>
    <Filter Include="Header Files">
      <UniqueIdentifier>{93995380-89BD-4b04-88EB-625FBE52EBFB}</UniqueIdentifier>
      <Extensions>h;hh;hpp;hxx;h++;hm;inl;inc;ipp;xsd</Extensions>
    </Filter>
    <Filter Include="Resource Files">
      <UniqueIdentifier>{67DA6AB6-F800-4c08-8B7A-83BB121AAD01}</UniqueIdentifier>
      <Extensions>rc;ico;cur;bmp;dlg;rc2;rct;bin;rgs;gif;jpg;jpeg;jpe;resx;tiff;tif;png;wav;mfcribbon-ms</Extensions>
    </Filter>
  </ItemGroup>
  <ItemGroup>
    <ClInclude Include="DebugOutput\DebugOutput.h">
      <Filter>Header Files</Filter>
    </ClInclude>
    <ClInclude Include="FromsoftFormat\BNDReader\BNDReader.h">
      <Filter>Header Files</Filter>
    </ClInclude>
    <ClInclude Include="FromsoftFormat\FlverReader\FlverReader.h">
      <Filter>Header Files</Filter>
    </ClInclude>
    <ClInclude Include="FromsoftFormat\MemReader\MemReader.h">
      <Filter>Header Files</Filter>
    </ClInclude>
    <ClInclude Include="FromsoftFormat\NMBReader\MorphemeBundle\NodeAttrib\NodeAttribBase.h">
      <Filter>Header Files</Filter>
    </ClInclude>
    <ClInclude Include="FromsoftFormat\NMBReader\MorphemeBundle\NodeAttrib\NodeAttribBool.h">
      <Filter>Header Files</Filter>
    </ClInclude>
    <ClInclude Include="FromsoftFormat\NMBReader\MorphemeBundle\NodeAttrib\NodeAttribSourceAnim.h">
      <Filter>Header Files</Filter>
    </ClInclude>
    <ClInclude Include="FromsoftFormat\NMBReader\MorphemeBundle\NodeAttrib\NodeAttribSourceEventTrack.h">
      <Filter>Header Files</Filter>
    </ClInclude>
    <ClInclude Include="FromsoftFormat\NMBReader\MorphemeBundle\NodeAttrib\NodeAttribUnknown.h">
      <Filter>Header Files</Filter>
    </ClInclude>
    <ClInclude Include="FromsoftFormat\NMBReader\MorphemeBundle\MorphemeBundle.h">
      <Filter>Header Files</Filter>
    </ClInclude>
    <ClInclude Include="FromsoftFormat\NMBReader\MorphemeBundle\MorphemeBundle_Base.h">
      <Filter>Header Files</Filter>
    </ClInclude>
    <ClInclude Include="FromsoftFormat\NMBReader\MorphemeBundle\MorphemeBundle_EventTrack.h">
      <Filter>Header Files</Filter>
    </ClInclude>
    <ClInclude Include="FromsoftFormat\NMBReader\MorphemeBundle\MorphemeBundle_FileNameLookupTable.h">
      <Filter>Header Files</Filter>
    </ClInclude>
    <ClInclude Include="FromsoftFormat\NMBReader\MorphemeBundle\MorphemeBundle_Header.h">
      <Filter>Header Files</Filter>
    </ClInclude>
    <ClInclude Include="FromsoftFormat\NMBReader\MorphemeBundle\MorphemeBundle_Network.h">
      <Filter>Header Files</Filter>
    </ClInclude>
    <ClInclude Include="FromsoftFormat\NMBReader\MorphemeBundle\MorphemeBundle_NetworkDef.h">
      <Filter>Header Files</Filter>
    </ClInclude>
    <ClInclude Include="FromsoftFormat\NMBReader\MorphemeBundle\MorphemeBundle_Rig.h">
      <Filter>Header Files</Filter>
    </ClInclude>
    <ClInclude Include="FromsoftFormat\NMBReader\TinyXML\tinyxml2.h">
      <Filter>Header Files</Filter>
    </ClInclude>
    <ClInclude Include="FromsoftFormat\NMBReader\NMBReader.h">
      <Filter>Header Files</Filter>
    </ClInclude>
    <ClInclude Include="FromsoftFormat\NSAReader\NSAReader.h">
      <Filter>Header Files</Filter>
    </ClInclude>
    <ClInclude Include="FromsoftFormat\TimeActReader\TimeActEvent\TimeActEventData\TimeActEventData.h">
      <Filter>Header Files</Filter>
    </ClInclude>
    <ClInclude Include="FromsoftFormat\TimeActReader\TimeActEvent\TimeActEvent.h">
      <Filter>Header Files</Filter>
    </ClInclude>
    <ClInclude Include="FromsoftFormat\TimeActReader\TimeActReader.h">
      <Filter>Header Files</Filter>
    </ClInclude>
    <ClInclude Include="FromsoftFormat\CCM2Reader\CCM2Reader.h">
      <Filter>Header Files</Filter>
    </ClInclude>
    <ClInclude Include="StringHelper\StringHelper.h">
      <Filter>Header Files</Filter>
    </ClInclude>
    <ClInclude Include="MemReader\MemReader.h">
      <Filter>Header Files</Filter>
    </ClInclude>
    <ClInclude Include="Math\Math.h">
      <Filter>Header Files</Filter>
    </ClInclude>
  </ItemGroup>
  <ItemGroup>
    <None Include="packages.config" />
  </ItemGroup>
  <ItemGroup>
    <ClCompile Include="FromsoftFormat\CCM2Reader\CCM2Reader.cpp">
      <Filter>Source Files</Filter>
    </ClCompile>
    <ClCompile Include="CCMFontBuilder.cpp">
      <Filter>Source Files</Filter>
    </ClCompile>
    <ClCompile Include="DebugOutput\DebugOutput.cpp">
      <Filter>Source Files</Filter>
    </ClCompile>
  </ItemGroup>
</Project>